
Microsoft Visual Studio Solution File, Format Version 12.00
# Visual Studio Version 17
VisualStudioVersion = 17.1.32228.430
MinimumVisualStudioVersion = 10.0.40219.1
Project("{FAE04EC0-301F-11D3-BF4B-00C04F79EFBC}") = "Summator", "Sumator\Summator.csproj", "{0E476A8E-D2F5-4527-9DF3-CCBCA326124B}"
EndProject
Project("{FAE04EC0-301F-11D3-BF4B-00C04F79EFBC}") = "Summator.Tests", "Summator.Tests\Summator.Tests.csproj", "{430565EC-1DD8-47D0-90E3-1CC68D2FDE39}"
EndProject
Global
	GlobalSection(SolutionConfigurationPlatforms) = preSolution
		Debug|Any CPU = Debug|Any CPU
		Release|Any CPU = Release|Any CPU
	EndGlobalSection
	GlobalSection(ProjectConfigurationPlatforms) = postSolution
		{0E476A8E-D2F5-4527-9DF3-CCBCA326124B}.Debug|Any CPU.ActiveCfg = Debug|Any CPU
		{0E476A8E-D2F5-4527-9DF3-CCBCA326124B}.Debug|Any CPU.Build.0 = Debug|Any CPU
		{0E476A8E-D2F5-4527-9DF3-CCBCA326124B}.Release|Any CPU.ActiveCfg = Release|Any CPU
		{0E476A8E-D2F5-4527-9DF3-CCBCA326124B}.Release|Any CPU.Build.0 = Release|Any CPU
		{430565EC-1DD8-47D0-90E3-1CC68D2FDE39}.Debug|Any CPU.ActiveCfg = Debug|Any CPU
		{430565EC-1DD8-47D0-90E3-1CC68D2FDE39}.Debug|Any CPU.Build.0 = Debug|Any CPU
		{430565EC-1DD8-47D0-90E3-1CC68D2FDE39}.Release|Any CPU.ActiveCfg = Release|Any CPU
		{430565EC-1DD8-47D0-90E3-1CC68D2FDE39}.Release|Any CPU.Build.0 = Release|Any CPU
	EndGlobalSection
	GlobalSection(SolutionProperties) = preSolution
		HideSolutionNode = FALSE
	EndGlobalSection
	GlobalSection(ExtensibilityGlobals) = postSolution
		SolutionGuid = {0D81FC40-4471-4908-9C6B-BA9B59CB4C5B}
	EndGlobalSection
EndGlobal
