
Microsoft Visual Studio Solution File, Format Version 12.00
# Visual Studio Version 17
VisualStudioVersion = 17.2.32519.379
MinimumVisualStudioVersion = 10.0.40219.1
Project("{9A19103F-16F7-4668-BE54-9A1E7A4F7556}") = "VivinoAndroid.Tests", "VivinoAndroid.Tests\VivinoAndroid.Tests.csproj", "{2453EA64-D183-4F27-A9C9-8DAEE097A4B0}"
EndProject
Project("{9A19103F-16F7-4668-BE54-9A1E7A4F7556}") = "SummatorAndroid.Tests", "SummatorAndroid.Tests\SummatorAndroid.Tests.csproj", "{BD126AFD-34B0-4726-9C24-F94F41EDE6DC}"
EndProject
Project("{9A19103F-16F7-4668-BE54-9A1E7A4F7556}") = "ContactBookAndroid.Tests", "ContactBookAndroid.Tests\ContactBookAndroid.Tests.csproj", "{BFF13BEE-69E3-4D06-A59E-9D7AEB9E6D73}"
EndProject
Global
	GlobalSection(SolutionConfigurationPlatforms) = preSolution
		Debug|Any CPU = Debug|Any CPU
		Release|Any CPU = Release|Any CPU
	EndGlobalSection
	GlobalSection(ProjectConfigurationPlatforms) = postSolution
		{2453EA64-D183-4F27-A9C9-8DAEE097A4B0}.Debug|Any CPU.ActiveCfg = Debug|Any CPU
		{2453EA64-D183-4F27-A9C9-8DAEE097A4B0}.Debug|Any CPU.Build.0 = Debug|Any CPU
		{2453EA64-D183-4F27-A9C9-8DAEE097A4B0}.Release|Any CPU.ActiveCfg = Release|Any CPU
		{2453EA64-D183-4F27-A9C9-8DAEE097A4B0}.Release|Any CPU.Build.0 = Release|Any CPU
		{BD126AFD-34B0-4726-9C24-F94F41EDE6DC}.Debug|Any CPU.ActiveCfg = Debug|Any CPU
		{BD126AFD-34B0-4726-9C24-F94F41EDE6DC}.Debug|Any CPU.Build.0 = Debug|Any CPU
		{BD126AFD-34B0-4726-9C24-F94F41EDE6DC}.Release|Any CPU.ActiveCfg = Release|Any CPU
		{BD126AFD-34B0-4726-9C24-F94F41EDE6DC}.Release|Any CPU.Build.0 = Release|Any CPU
		{BFF13BEE-69E3-4D06-A59E-9D7AEB9E6D73}.Debug|Any CPU.ActiveCfg = Debug|Any CPU
		{BFF13BEE-69E3-4D06-A59E-9D7AEB9E6D73}.Debug|Any CPU.Build.0 = Debug|Any CPU
		{BFF13BEE-69E3-4D06-A59E-9D7AEB9E6D73}.Release|Any CPU.ActiveCfg = Release|Any CPU
		{BFF13BEE-69E3-4D06-A59E-9D7AEB9E6D73}.Release|Any CPU.Build.0 = Release|Any CPU
	EndGlobalSection
	GlobalSection(SolutionProperties) = preSolution
		HideSolutionNode = FALSE
	EndGlobalSection
	GlobalSection(ExtensibilityGlobals) = postSolution
		SolutionGuid = {6EC15743-0B4F-47AB-A98D-C95633CA8BF6}
	EndGlobalSection
EndGlobal
